
Microsoft Visual Studio Solution File, Format Version 12.00
# Visual Studio 15
VisualStudioVersion = 15.0.27004.2002
MinimumVisualStudioVersion = 10.0.40219.1
Project("{FAE04EC0-301F-11D3-BF4B-00C04F79EFBC}") = "Mod2Ex2A", "Mod2Ex2A\Mod2Ex2A.csproj", "{E6D0BBCA-2B86-4719-A9D9-930EFC785667}"
EndProject
Global
	GlobalSection(SolutionConfigurationPlatforms) = preSolution
		Debug|Any CPU = Debug|Any CPU
		Release|Any CPU = Release|Any CPU
	EndGlobalSection
	GlobalSection(ProjectConfigurationPlatforms) = postSolution
		{E6D0BBCA-2B86-4719-A9D9-930EFC785667}.Debug|Any CPU.ActiveCfg = Debug|Any CPU
		{E6D0BBCA-2B86-4719-A9D9-930EFC785667}.Debug|Any CPU.Build.0 = Debug|Any CPU
		{E6D0BBCA-2B86-4719-A9D9-930EFC785667}.Release|Any CPU.ActiveCfg = Release|Any CPU
		{E6D0BBCA-2B86-4719-A9D9-930EFC785667}.Release|Any CPU.Build.0 = Release|Any CPU
	EndGlobalSection
	GlobalSection(SolutionProperties) = preSolution
		HideSolutionNode = FALSE
	EndGlobalSection
	GlobalSection(ExtensibilityGlobals) = postSolution
		SolutionGuid = {B3628132-EDD1-4D38-9204-17F87B2181A5}
	EndGlobalSection
EndGlobal
